
Microsoft Visual Studio Solution File, Format Version 12.00
# Visual Studio 15
VisualStudioVersion = 15.0.26730.16
MinimumVisualStudioVersion = 10.0.40219.1
Project("{FAE04EC0-301F-11D3-BF4B-00C04F79EFBC}") = "HashLog", "HashLog.csproj", "{967AF3F0-3D2E-4500-8EAC-4D0A4176CBC8}"
EndProject
Project("{FAE04EC0-301F-11D3-BF4B-00C04F79EFBC}") = "HashLogTester", "..\HashLogTester\HashLogTester.csproj", "{0E149AF1-C4E0-4880-BFD7-364D07FCCB00}"
EndProject
Global
	GlobalSection(SolutionConfigurationPlatforms) = preSolution
		Debug|Any CPU = Debug|Any CPU
		Release|Any CPU = Release|Any CPU
	EndGlobalSection
	GlobalSection(ProjectConfigurationPlatforms) = postSolution
		{967AF3F0-3D2E-4500-8EAC-4D0A4176CBC8}.Debug|Any CPU.ActiveCfg = Debug|Any CPU
		{967AF3F0-3D2E-4500-8EAC-4D0A4176CBC8}.Debug|Any CPU.Build.0 = Debug|Any CPU
		{967AF3F0-3D2E-4500-8EAC-4D0A4176CBC8}.Release|Any CPU.ActiveCfg = Release|Any CPU
		{967AF3F0-3D2E-4500-8EAC-4D0A4176CBC8}.Release|Any CPU.Build.0 = Release|Any CPU
		{0E149AF1-C4E0-4880-BFD7-364D07FCCB00}.Debug|Any CPU.ActiveCfg = Debug|Any CPU
		{0E149AF1-C4E0-4880-BFD7-364D07FCCB00}.Debug|Any CPU.Build.0 = Debug|Any CPU
		{0E149AF1-C4E0-4880-BFD7-364D07FCCB00}.Release|Any CPU.ActiveCfg = Release|Any CPU
		{0E149AF1-C4E0-4880-BFD7-364D07FCCB00}.Release|Any CPU.Build.0 = Release|Any CPU
	EndGlobalSection
	GlobalSection(SolutionProperties) = preSolution
		HideSolutionNode = FALSE
	EndGlobalSection
	GlobalSection(ExtensibilityGlobals) = postSolution
		SolutionGuid = {4A5C3729-421C-4704-B2E6-E0A5FA163EE8}
	EndGlobalSection
EndGlobal
